
Microsoft Visual Studio Solution File, Format Version 12.00
# Visual Studio Version 17
VisualStudioVersion = 17.5.33530.505
MinimumVisualStudioVersion = 10.0.40219.1
Project("{FAE04EC0-301F-11D3-BF4B-00C04F79EFBC}") = "HTMLtoMarkdown", "HTMLtoMarkdown\HTMLtoMarkdown.csproj", "{601C951F-17B2-4575-8568-2DA2B2C683DB}"
EndProject
Global
	GlobalSection(SolutionConfigurationPlatforms) = preSolution
		Debug|Any CPU = Debug|Any CPU
		Release|Any CPU = Release|Any CPU
	EndGlobalSection
	GlobalSection(ProjectConfigurationPlatforms) = postSolution
		{601C951F-17B2-4575-8568-2DA2B2C683DB}.Debug|Any CPU.ActiveCfg = Debug|Any CPU
		{601C951F-17B2-4575-8568-2DA2B2C683DB}.Debug|Any CPU.Build.0 = Debug|Any CPU
		{601C951F-17B2-4575-8568-2DA2B2C683DB}.Release|Any CPU.ActiveCfg = Release|Any CPU
		{601C951F-17B2-4575-8568-2DA2B2C683DB}.Release|Any CPU.Build.0 = Release|Any CPU
	EndGlobalSection
	GlobalSection(SolutionProperties) = preSolution
		HideSolutionNode = FALSE
	EndGlobalSection
	GlobalSection(ExtensibilityGlobals) = postSolution
		SolutionGuid = {A271738E-FB2C-43DF-9BD2-42670AB94851}
	EndGlobalSection
EndGlobal
